
Microsoft Visual Studio Solution File, Format Version 12.00
# Visual Studio 14
VisualStudioVersion = 14.0.24720.0
MinimumVisualStudioVersion = 10.0.40219.1
Project("{FAE04EC0-301F-11D3-BF4B-00C04F79EFBC}") = "Structure", "01_Structure\Structure.csproj", "{A7E4CAA8-37E2-4E87-8C7A-8DB583565A78}"
EndProject
Project("{FAE04EC0-301F-11D3-BF4B-00C04F79EFBC}") = "GenericClass", "GenericClass\GenericClass.csproj", "{176C279B-91D1-47FD-B0E9-6ECFA298D43F}"
EndProject
Project("{FAE04EC0-301F-11D3-BF4B-00C04F79EFBC}") = "Matrix", "Matrix\Matrix.csproj", "{1641645C-C557-4A78-989C-DD867819BA25}"
EndProject
Project("{FAE04EC0-301F-11D3-BF4B-00C04F79EFBC}") = "VersionAttribute", "VersionAttribute\VersionAttribute.csproj", "{C4B7D649-3565-44FD-8D97-DDA6EDFD50E0}"
EndProject
Global
	GlobalSection(SolutionConfigurationPlatforms) = preSolution
		Debug|Any CPU = Debug|Any CPU
		Release|Any CPU = Release|Any CPU
	EndGlobalSection
	GlobalSection(ProjectConfigurationPlatforms) = postSolution
		{A7E4CAA8-37E2-4E87-8C7A-8DB583565A78}.Debug|Any CPU.ActiveCfg = Debug|Any CPU
		{A7E4CAA8-37E2-4E87-8C7A-8DB583565A78}.Debug|Any CPU.Build.0 = Debug|Any CPU
		{A7E4CAA8-37E2-4E87-8C7A-8DB583565A78}.Release|Any CPU.ActiveCfg = Release|Any CPU
		{A7E4CAA8-37E2-4E87-8C7A-8DB583565A78}.Release|Any CPU.Build.0 = Release|Any CPU
		{176C279B-91D1-47FD-B0E9-6ECFA298D43F}.Debug|Any CPU.ActiveCfg = Debug|Any CPU
		{176C279B-91D1-47FD-B0E9-6ECFA298D43F}.Debug|Any CPU.Build.0 = Debug|Any CPU
		{176C279B-91D1-47FD-B0E9-6ECFA298D43F}.Release|Any CPU.ActiveCfg = Release|Any CPU
		{176C279B-91D1-47FD-B0E9-6ECFA298D43F}.Release|Any CPU.Build.0 = Release|Any CPU
		{1641645C-C557-4A78-989C-DD867819BA25}.Debug|Any CPU.ActiveCfg = Debug|Any CPU
		{1641645C-C557-4A78-989C-DD867819BA25}.Debug|Any CPU.Build.0 = Debug|Any CPU
		{1641645C-C557-4A78-989C-DD867819BA25}.Release|Any CPU.ActiveCfg = Release|Any CPU
		{1641645C-C557-4A78-989C-DD867819BA25}.Release|Any CPU.Build.0 = Release|Any CPU
		{C4B7D649-3565-44FD-8D97-DDA6EDFD50E0}.Debug|Any CPU.ActiveCfg = Debug|Any CPU
		{C4B7D649-3565-44FD-8D97-DDA6EDFD50E0}.Debug|Any CPU.Build.0 = Debug|Any CPU
		{C4B7D649-3565-44FD-8D97-DDA6EDFD50E0}.Release|Any CPU.ActiveCfg = Release|Any CPU
		{C4B7D649-3565-44FD-8D97-DDA6EDFD50E0}.Release|Any CPU.Build.0 = Release|Any CPU
	EndGlobalSection
	GlobalSection(SolutionProperties) = preSolution
		HideSolutionNode = FALSE
	EndGlobalSection
EndGlobal
